[{<<"cowboy">>,
  {git,"git@github.com:ninenines/cowboy.git",
       {ref,"7b248e5163fd852d6defe967318da849433dadb1"}},
  0},
 {<<"cowlib">>,
  {git,"https://github.com/ninenines/cowlib",
       {ref,"8e6d0f462850a90bd8a60995f52027839288d038"}},
  1},
 {<<"eunit_formatters">>,
  {git,"git://github.com/seancribbs/eunit_formatters",
       {ref,"6818dc14fe5d90d2561b1fa8ab8aea523a900128"}},
  1},
 {<<"jiffy">>,
  {git,"https://github.com/davisp/jiffy.git",
       {ref,"a7db72493d2288533afbb417d5c2e6f11db84639"}},
  1},
 {<<"meck">>,
  {git,"git@github.com:eproxus/meck.git",
       {ref,"c772db17a7c94e75d20688197f61538d63fe2ae9"}},
  1},
 {<<"ranch">>,
  {git,"https://github.com/ninenines/ranch",
       {ref,"a5d2efcde9a34ad38ab89a26d98ea5335e88625a"}},
  1},
 {<<"slacker-rtm">>,
  {git,"git@github.com:wrren/slacker-rtm.git",
       {ref,"110256036006814ab1ba88040a8d50141d3e3814"}},
  0},
 {<<"want">>,
  {git,"git@github.com:wrren/want.erl.git",
       {ref,"13f9f5fd2c27dac12288203caa0be3772023be91"}},
  0},
 {<<"websocket_client">>,
  {git,"https://github.com/jeremyong/websocket_client.git",
       {ref,"f6892c8b55004008ce2d52be7d98b156f3e34569"}},
  1}].
